
Microsoft Visual Studio Solution File, Format Version 12.00
# Visual Studio Version 17
VisualStudioVersion = 17.7.34202.233
MinimumVisualStudioVersion = 10.0.40219.1
Project("{FAE04EC0-301F-11D3-BF4B-00C04F79EFBC}") = "FPTBook", "FPTBook\FPTBook.csproj", "{00FED118-5AFF-4DB5-BED8-06CF61926727}"
EndProject
Global
	GlobalSection(SolutionConfigurationPlatforms) = preSolution
		Debug|Any CPU = Debug|Any CPU
		Release|Any CPU = Release|Any CPU
	EndGlobalSection
	GlobalSection(ProjectConfigurationPlatforms) = postSolution
		{00FED118-5AFF-4DB5-BED8-06CF61926727}.Debug|Any CPU.ActiveCfg = Debug|Any CPU
		{00FED118-5AFF-4DB5-BED8-06CF61926727}.Debug|Any CPU.Build.0 = Debug|Any CPU
		{00FED118-5AFF-4DB5-BED8-06CF61926727}.Release|Any CPU.ActiveCfg = Release|Any CPU
		{00FED118-5AFF-4DB5-BED8-06CF61926727}.Release|Any CPU.Build.0 = Release|Any CPU
	EndGlobalSection
	GlobalSection(SolutionProperties) = preSolution
		HideSolutionNode = FALSE
	EndGlobalSection
	GlobalSection(ExtensibilityGlobals) = postSolution
		SolutionGuid = {92AD3594-68FE-450D-BBDE-4439223F7BED}
	EndGlobalSection
EndGlobal
